{
    "_meta": {
        "hash": {
            "sha256": "ae101ab1b70e7405ff5c69a7a0529cbe0b8148c73b05f76c98b2a4d6544337be"
        },
        "pipfile-spec": 6,
        "requires": {
            "python_version": "3.7"
        },
        "sources": [
            {
                "name": "pypi",
                "url": "https://pypi.org/simple",
                "verify_ssl": true
            }
        ]
    },
    "default": {
        "python-constraint": {
            "hashes": [
                "sha256:501d6f17afe0032dfc6ea6c0f8acc12e44f992733f00e8538961031ef27ccb8e"
            ],
            "index": "pypi",
            "version": "==1.4.0"
        }
    },
    "develop": {}
}
